
Microsoft Visual Studio Solution File, Format Version 12.00
# Visual Studio Version 17
VisualStudioVersion = 17.12.35506.116 d17.12
MinimumVisualStudioVersion = 10.0.40219.1
Project("{FAE04EC0-301F-11D3-BF4B-00C04F79EFBC}") = "EnumGenerator.Library", "EnumGenerator.Library\EnumGenerator.Library.csproj", "{78B5ED1A-1408-474E-930D-052CACE8E850}"
EndProject
Project("{FAE04EC0-301F-11D3-BF4B-00C04F79EFBC}") = "EnumGenerator.Console", "EnumGenerator.Console\EnumGenerator.Console.csproj", "{3F7786BB-B167-4A58-BA91-722D379C156B}"
EndProject
Global
	GlobalSection(SolutionConfigurationPlatforms) = preSolution
		Debug|Any CPU = Debug|Any CPU
		Release|Any CPU = Release|Any CPU
	EndGlobalSection
	GlobalSection(ProjectConfigurationPlatforms) = postSolution
		{78B5ED1A-1408-474E-930D-052CACE8E850}.Debug|Any CPU.ActiveCfg = Debug|Any CPU
		{78B5ED1A-1408-474E-930D-052CACE8E850}.Debug|Any CPU.Build.0 = Debug|Any CPU
		{78B5ED1A-1408-474E-930D-052CACE8E850}.Release|Any CPU.ActiveCfg = Release|Any CPU
		{78B5ED1A-1408-474E-930D-052CACE8E850}.Release|Any CPU.Build.0 = Release|Any CPU
		{3F7786BB-B167-4A58-BA91-722D379C156B}.Debug|Any CPU.ActiveCfg = Debug|Any CPU
		{3F7786BB-B167-4A58-BA91-722D379C156B}.Debug|Any CPU.Build.0 = Debug|Any CPU
		{3F7786BB-B167-4A58-BA91-722D379C156B}.Release|Any CPU.ActiveCfg = Release|Any CPU
		{3F7786BB-B167-4A58-BA91-722D379C156B}.Release|Any CPU.Build.0 = Release|Any CPU
	EndGlobalSection
	GlobalSection(SolutionProperties) = preSolution
		HideSolutionNode = FALSE
	EndGlobalSection
EndGlobal
